
Microsoft Visual Studio Solution File, Format Version 12.00
Project("{FAE04EC0-301F-11D3-BF4B-00C04F79EFBC}") = "nodeJsEdgeJSApp", "nodeJsEdgeJSApp\nodeJsEdgeJSApp.csproj", "{9C02811E-CC5A-4066-92D6-4655DDE38AA9}"
EndProject
Project("{FAE04EC0-301F-11D3-BF4B-00C04F79EFBC}") = "ConsoleApp1", "ConsoleApp1\ConsoleApp1.csproj", "{D4EE0A15-9146-4E09-8DD1-027D72E02B37}"
EndProject
Project("{FAE04EC0-301F-11D3-BF4B-00C04F79EFBC}") = "Edge.js.CSharp", "node_modules\edge-js\src\double\Edge.js.CSharp\Edge.js.CSharp.csproj", "{974FA810-47DE-42C5-AB68-D227C6E9B95F}"
EndProject
Project("{FAE04EC0-301F-11D3-BF4B-00C04F79EFBC}") = "Edge.js", "node_modules\edge-js\src\double\Edge.js\Edge.js.csproj", "{2AFBB91A-F5C5-4671-80BF-19DB699AB505}"
EndProject
Project("{FAE04EC0-301F-11D3-BF4B-00C04F79EFBC}") = "bootstrap", "node_modules\edge-js\lib\bootstrap\bootstrap.csproj", "{381390F7-6ABB-4BBB-894C-0F464C7BCF48}"
EndProject
Global
	GlobalSection(SolutionConfigurationPlatforms) = preSolution
		Debug|Any CPU = Debug|Any CPU
		Release|Any CPU = Release|Any CPU
	EndGlobalSection
	GlobalSection(ProjectConfigurationPlatforms) = postSolution
		{9C02811E-CC5A-4066-92D6-4655DDE38AA9}.Debug|Any CPU.ActiveCfg = Debug|Any CPU
		{9C02811E-CC5A-4066-92D6-4655DDE38AA9}.Debug|Any CPU.Build.0 = Debug|Any CPU
		{9C02811E-CC5A-4066-92D6-4655DDE38AA9}.Release|Any CPU.ActiveCfg = Release|Any CPU
		{9C02811E-CC5A-4066-92D6-4655DDE38AA9}.Release|Any CPU.Build.0 = Release|Any CPU
		{D4EE0A15-9146-4E09-8DD1-027D72E02B37}.Debug|Any CPU.ActiveCfg = Debug|Any CPU
		{D4EE0A15-9146-4E09-8DD1-027D72E02B37}.Debug|Any CPU.Build.0 = Debug|Any CPU
		{D4EE0A15-9146-4E09-8DD1-027D72E02B37}.Release|Any CPU.ActiveCfg = Release|Any CPU
		{D4EE0A15-9146-4E09-8DD1-027D72E02B37}.Release|Any CPU.Build.0 = Release|Any CPU
		{974FA810-47DE-42C5-AB68-D227C6E9B95F}.Debug|Any CPU.ActiveCfg = Debug|Any CPU
		{974FA810-47DE-42C5-AB68-D227C6E9B95F}.Debug|Any CPU.Build.0 = Debug|Any CPU
		{974FA810-47DE-42C5-AB68-D227C6E9B95F}.Release|Any CPU.ActiveCfg = Release|Any CPU
		{974FA810-47DE-42C5-AB68-D227C6E9B95F}.Release|Any CPU.Build.0 = Release|Any CPU
		{2AFBB91A-F5C5-4671-80BF-19DB699AB505}.Debug|Any CPU.ActiveCfg = Debug|Any CPU
		{2AFBB91A-F5C5-4671-80BF-19DB699AB505}.Debug|Any CPU.Build.0 = Debug|Any CPU
		{2AFBB91A-F5C5-4671-80BF-19DB699AB505}.Release|Any CPU.ActiveCfg = Release|Any CPU
		{2AFBB91A-F5C5-4671-80BF-19DB699AB505}.Release|Any CPU.Build.0 = Release|Any CPU
		{381390F7-6ABB-4BBB-894C-0F464C7BCF48}.Debug|Any CPU.ActiveCfg = Debug|Any CPU
		{381390F7-6ABB-4BBB-894C-0F464C7BCF48}.Debug|Any CPU.Build.0 = Debug|Any CPU
		{381390F7-6ABB-4BBB-894C-0F464C7BCF48}.Release|Any CPU.ActiveCfg = Release|Any CPU
		{381390F7-6ABB-4BBB-894C-0F464C7BCF48}.Release|Any CPU.Build.0 = Release|Any CPU
	EndGlobalSection
EndGlobal
